
Microsoft Visual Studio Solution File, Format Version 12.00
# Visual Studio Version 16
VisualStudioVersion = 16.0.30907.101
MinimumVisualStudioVersion = 10.0.40219.1
Project("{FAE04EC0-301F-11D3-BF4B-00C04F79EFBC}") = "SalesWebMVC", "SalesWebMVC\SalesWebMVC.csproj", "{23AA4462-E9EA-439E-BFBF-61B702E815A5}"
EndProject
Global
	GlobalSection(SolutionConfigurationPlatforms) = preSolution
		Debug|Any CPU = Debug|Any CPU
		Release|Any CPU = Release|Any CPU
	EndGlobalSection
	GlobalSection(ProjectConfigurationPlatforms) = postSolution
		{23AA4462-E9EA-439E-BFBF-61B702E815A5}.Debug|Any CPU.ActiveCfg = Debug|Any CPU
		{23AA4462-E9EA-439E-BFBF-61B702E815A5}.Debug|Any CPU.Build.0 = Debug|Any CPU
		{23AA4462-E9EA-439E-BFBF-61B702E815A5}.Release|Any CPU.ActiveCfg = Release|Any CPU
		{23AA4462-E9EA-439E-BFBF-61B702E815A5}.Release|Any CPU.Build.0 = Release|Any CPU
	EndGlobalSection
	GlobalSection(SolutionProperties) = preSolution
		HideSolutionNode = FALSE
	EndGlobalSection
	GlobalSection(ExtensibilityGlobals) = postSolution
		SolutionGuid = {9F320505-94A7-4855-9B8B-BCE15902448B}
	EndGlobalSection
EndGlobal
